{
  "version": 1,
  "dependencies": {
    "net7.0": {
      "Grpc.AspNetCore": {
        "type": "Direct",
        "requested": "[2.51.0, )",
        "resolved": "2.51.0",
        "contentHash": "an2kd1PkfeXItIx7LfN+QTOeIMwkPsLWCuzDpQy23WQUk8E7eMh4vZ8gnYusuR+chLo3P94gDhXPNrcFBbS+OQ==",
        "dependencies": {
          "Google.Protobuf": "3.21.5",
          "Grpc.AspNetCore.Server.ClientFactory": "2.51.0",
          "Grpc.Tools": "2.51.0"
        }
      },
      "Grpc.AspNetCore.Server.Reflection": {
        "type": "Direct",
        "requested": "[2.51.0, )",
        "resolved": "2.51.0",
        "contentHash": "Ap0rfxmvv5Yh9ZaU9kTfZersgjAzqutejttsPRH484UGLhxSPYzGNEkNS6knApBrdK1zmE7uVx/Z/+cI50PPuw==",
        "dependencies": {
          "Google.Protobuf": "3.21.5",
          "Grpc.AspNetCore.Server": "2.51.0",
          "Grpc.Reflection": "2.51.0"
        }
      },
      "Grpc.HealthCheck": {
        "type": "Direct",
        "requested": "[2.51.0, )",
        "resolved": "2.51.0",
        "contentHash": "oc6z414PhCeZkQv9jeoQmV0+GXbcKsSO9n5+NJ6wvaUCmwhjFSJvVmUSNoO25tXjbC5HCxIJO99YWO8a8yVqpA==",
        "dependencies": {
          "Google.Protobuf": "3.21.5",
          "Grpc.Core.Api": "2.51.0",
          "System.Threading.Channels": "4.6.0"
        }
      },
      "Microsoft.AspNetCore.OpenApi": {
        "type": "Direct",
        "requested": "[7.0.3, )",
        "resolved": "7.0.3",
        "contentHash": "nihfseI7Jpaogc5bPAbta17sFzhyXwwC74xAhOyc6cgqriJQ2eB4TcJsAi4NePT2q+pFfEAtSCgPXw4IdJOF0w==",
        "dependencies": {
          "Microsoft.OpenApi": "1.4.3"
        }
      },
      "Serilog": {
        "type": "Direct",
        "requested": "[2.12.0, )",
        "resolved": "2.12.0",
        "contentHash": "xaiJLIdu6rYMKfQMYUZgTy8YK7SMZjB4Yk50C/u//Z4OsvxkUfSPJy4nknfvwAC34yr13q7kcyh4grbwhSxyZg=="
      },
      "Serilog.Sinks.Console": {
        "type": "Direct",
        "requested": "[4.1.0, )",
        "resolved": "4.1.0",
        "contentHash": "K6N5q+5fetjnJPvCmkWOpJ/V8IEIoMIB1s86OzBrbxwTyHxdx3pmz4H+8+O/Dc/ftUX12DM1aynx/dDowkwzqg==",
        "dependencies": {
          "Serilog": "2.10.0"
        }
      },
      "Swashbuckle.AspNetCore": {
        "type": "Direct",
        "requested": "[6.4.0, )",
        "resolved": "6.4.0",
        "contentHash": "eUBr4TW0up6oKDA5Xwkul289uqSMgY0xGN4pnbOIBqCcN9VKGGaPvHX3vWaG/hvocfGDP+MGzMA0bBBKz2fkmQ==",
        "dependencies": {
          "Microsoft.Extensions.ApiDescription.Server": "6.0.5",
          "Swashbuckle.AspNetCore.Swagger": "6.4.0",
          "Swashbuckle.AspNetCore.SwaggerGen": "6.4.0",
          "Swashbuckle.AspNetCore.SwaggerUI": "6.4.0"
        }
      },
      "Google.Protobuf": {
        "type": "Transitive",
        "resolved": "3.21.5",
        "contentHash": "d7zwRm0edg2cxqRynMD31F8HUUyicBT0l5M74EIsU6GAaq3dxxaZ/PpSPlso010W9nIXoVVKUYZSsiOspAOO/A=="
      },
      "Grpc.AspNetCore.Server": {
        "type": "Transitive",
        "resolved": "2.51.0",
        "contentHash": "D/4ZZSNtH0aNvoenCwGxT0KXOQvF1wcET59UZlnL0caKuxSQtNtc8ucIBHPzcSqQwZU7jGM6YO69P3fJjNrFaA==",
        "dependencies": {
          "Grpc.Net.Common": "2.51.0"
        }
      },
      "Grpc.AspNetCore.Server.ClientFactory": {
        "type": "Transitive",
        "resolved": "2.51.0",
        "contentHash": "iLGv5bmx5/Ua28+ieCTbJLQRCXgkR/r56Q6llIvyR0CSttGDtukrKcjKqfbCr57r2sYnMYX3Ma332mC9q9jUYg==",
        "dependencies": {
          "Grpc.AspNetCore.Server": "2.51.0",
          "Grpc.Net.ClientFactory": "2.51.0"
        }
      },
      "Grpc.Core.Api": {
        "type": "Transitive",
        "resolved": "2.51.0",
        "contentHash": "WUYCnxZKfdBWCKNs08lWFRoTjESt3iyFDthsZu5KcWguZ4OnnXrTu/K5mIdO+R9dUhuw5Xm1ygUrI1e2q8d1YA==",
        "dependencies": {
          "System.Memory": "4.5.3"
        }
      },
      "Grpc.Net.Client": {
        "type": "Transitive",
        "resolved": "2.51.0",
        "contentHash": "6XybyqUGn5+8UTMRKAfbM+aXagR3qxHROIEeFyul5gvh/dF3UqpnpnTkcRKIae4n5+Bt8j1J1VdNqYyEvYoYyg==",
        "dependencies": {
          "Grpc.Net.Common": "2.51.0",
          "Microsoft.Extensions.Logging.Abstractions": "3.0.3"
        }
      },
      "Grpc.Net.ClientFactory": {
        "type": "Transitive",
        "resolved": "2.51.0",
        "contentHash": "FB4do8BgRYgnFvm/KDZf/VJTjyW5km9PrPcrrd5zVLBI0B7gF/N7w8mBNwcs2yrU1U93t9WilA7v+GWd77BLdA==",
        "dependencies": {
          "Grpc.Net.Client": "2.51.0",
          "Microsoft.Extensions.Http": "3.0.3"
        }
      },
      "Grpc.Net.Common": {
        "type": "Transitive",
        "resolved": "2.51.0",
        "contentHash": "lAymSKjOHFopWt7RAF/Rxkf7SKGZaj+tJdabcnobm6XkdHX1zIQdkByeqIwmJesDbbCTpLEae6oSrn4eWWE9TQ==",
        "dependencies": {
          "Grpc.Core.Api": "2.51.0"
        }
      },
      "Grpc.Reflection": {
        "type": "Transitive",
        "resolved": "2.51.0",
        "contentHash": "0EUemaVXr5wjsYCj+gUdV8TYO2dcmqjfCkyBXe8KZKHeXxUSuZa0WVmFE8/j+07Tk7Z+trNQMQlYL8YLrpSU0w==",
        "dependencies": {
          "Google.Protobuf": "3.21.5",
          "Grpc.Core.Api": "2.51.0"
        }
      },
      "Grpc.Tools": {
        "type": "Transitive",
        "resolved": "2.51.0",
        "contentHash": "dGWgVYiTiwdlQuTK8kqqOkhYVHuOOuq3DVBmkjFwNOYQR9FW9YyEu0TXpxItc7W4xQ4lnahCLuHMNHd4012bnQ=="
      },
      "Microsoft.Extensions.ApiDescription.Server": {
        "type": "Transitive",
        "resolved": "6.0.5",
        "contentHash": "Ckb5EDBUNJdFWyajfXzUIMRkhf52fHZOQuuZg/oiu8y7zDCVwD0iHhew6MnThjHmevanpxL3f5ci2TtHQEN6bw=="
      },
      "Microsoft.Extensions.Configuration": {
        "type": "Transitive",
        "resolved": "3.0.3",
        "contentHash": "0F/MLd7yOSjhswQSFO6tkTREHxBffE/AS9gnvtx1jVFaKNdJPEj+2KOdREmYZ4Orpvf4nwXGwbRpX5SLlwIPEw==",
        "dependencies": {
          "Microsoft.Extensions.Configuration.Abstractions": "3.0.3"
        }
      },
      "Microsoft.Extensions.Configuration.Abstractions": {
        "type": "Transitive",
        "resolved": "3.0.3",
        "contentHash": "ND+ka7njp3HgVJCVn0YgpuxbFWBOCkcQaK+UBGJNseDhjz6I/qpXmCqLK+nXSzxU7cdscFWnUJS6wjEEEkMvSQ==",
        "dependencies": {
          "Microsoft.Extensions.Primitives": "3.0.3"
        }
      },
      "Microsoft.Extensions.Configuration.Binder": {
        "type": "Transitive",
        "resolved": "3.0.3",
        "contentHash": "hRmuReZgWqWqko4RXaGd/DP9L7380+HafHgbR5CMc7AZYmoLpUmeV8O8sgZqJONCbzg1q0Sz8U8Gy99eETpGPA==",
        "dependencies": {
          "Microsoft.Extensions.Configuration": "3.0.3"
        }
      },
      "Microsoft.Extensions.DependencyInjection": {
        "type": "Transitive",
        "resolved": "3.0.3",
        "contentHash": "Vu59TuHl3zoRI8vwK6gQL2EbWI2Qf/uBHFkSJXb4pgNvW7g8yK6Gn3v1bXDIKbMKEneTApriHfCVde0O314K+g==",
        "dependencies": {
          "Microsoft.Extensions.DependencyInjection.Abstractions": "3.0.3"
        }
      },
      "Microsoft.Extensions.DependencyInjection.Abstractions": {
        "type": "Transitive",
        "resolved": "3.0.3",
        "contentHash": "Wb1ejBzHhCvp7VMr+M7vlHoXb68mJ89IHj4L+TzL8yA+X7Iz2UTAEkl8aIbhRloroYJw5zvlIPtKF5uA4wFlxw=="
      },
      "Microsoft.Extensions.Http": {
        "type": "Transitive",
        "resolved": "3.0.3",
        "contentHash": "dcyB8szIcSynjVZRuFgqkZpPgTc5zeRSj1HMXSmNqWbHYKiPYJl8ZQgBHz6wmZNSUUNGpCs5uxUg8DZHHDC1Ew==",
        "dependencies": {
          "Microsoft.Extensions.DependencyInjection.Abstractions": "3.0.3",
          "Microsoft.Extensions.Logging": "3.0.3",
          "Microsoft.Extensions.Options": "3.0.3"
        }
      },
      "Microsoft.Extensions.Logging": {
        "type": "Transitive",
        "resolved": "3.0.3",
        "contentHash": "uAZppu6kWIgS+VtVjqmhh+k3bMztwWQR5HYxI++Cn5Kz5m099g0KJ+krUrckaZP9NqIplQu63tPR5YpNWnjLuw==",
        "dependencies": {
          "Microsoft.Extensions.Configuration.Binder": "3.0.3",
          "Microsoft.Extensions.DependencyInjection": "3.0.3",
          "Microsoft.Extensions.Logging.Abstractions": "3.0.3",
          "Microsoft.Extensions.Options": "3.0.3"
        }
      },
      "Microsoft.Extensions.Logging.Abstractions": {
        "type": "Transitive",
        "resolved": "3.0.3",
        "contentHash": "m2Jyi/MEn043WMI1I6J1ALuCThktZ93rd7eqzYeLmMcA0bdZC+TBVl0LuEbEWM01dWeeBjOoagjNwQTzOi2r6A=="
      },
      "Microsoft.Extensions.Options": {
        "type": "Transitive",
        "resolved": "3.0.3",
        "contentHash": "cvP/w0kyT9TmrDPMY2ZHJBWx+gRH0jHKaJPkzN47UBpLLC4KbqVU5AoCMK47+ZChlINhqJX2WTflbLe5KufD/A==",
        "dependencies": {
          "Microsoft.Extensions.DependencyInjection.Abstractions": "3.0.3",
          "Microsoft.Extensions.Primitives": "3.0.3"
        }
      },
      "Microsoft.Extensions.Primitives": {
        "type": "Transitive",
        "resolved": "3.0.3",
        "contentHash": "eJuAFVIH9zUZ7j7tCSbJD+tS0dueENIerwoGxFL8RYqCmbEqQ7wVOG+mt2mZAbEpnMPsGl1Fc/HIhWpB9ftwhg=="
      },
      "Microsoft.OpenApi": {
        "type": "Transitive",
        "resolved": "1.4.3",
        "contentHash": "rURwggB+QZYcSVbDr7HSdhw/FELvMlriW10OeOzjPT7pstefMo7IThhtNtDudxbXhW+lj0NfX72Ka5EDsG8x6w=="
      },
      "Swashbuckle.AspNetCore.Swagger": {
        "type": "Transitive",
        "resolved": "6.4.0",
        "contentHash": "nl4SBgGM+cmthUcpwO/w1lUjevdDHAqRvfUoe4Xp/Uvuzt9mzGUwyFCqa3ODBAcZYBiFoKvrYwz0rabslJvSmQ==",
        "dependencies": {
          "Microsoft.OpenApi": "1.2.3"
        }
      },
      "Swashbuckle.AspNetCore.SwaggerGen": {
        "type": "Transitive",
        "resolved": "6.4.0",
        "contentHash": "lXhcUBVqKrPFAQF7e/ZeDfb5PMgE8n5t6L5B6/BQSpiwxgHzmBcx8Msu42zLYFTvR5PIqE9Q9lZvSQAcwCxJjw==",
        "dependencies": {
          "Swashbuckle.AspNetCore.Swagger": "6.4.0"
        }
      },
      "Swashbuckle.AspNetCore.SwaggerUI": {
        "type": "Transitive",
        "resolved": "6.4.0",
        "contentHash": "1Hh3atb3pi8c+v7n4/3N80Jj8RvLOXgWxzix6w3OZhB7zBGRwsy7FWr4e3hwgPweSBpwfElqj4V4nkjYabH9nQ=="
      },
      "System.Memory": {
        "type": "Transitive",
        "resolved": "4.5.3",
        "contentHash": "3oDzvc/zzetpTKWMShs1AADwZjQ/36HnsufHRPcOjyRAAMLDlu2iD33MBI2opxnezcVUtXyqDXXjoFMOU9c7SA=="
      },
      "System.Threading.Channels": {
        "type": "Transitive",
        "resolved": "4.6.0",
        "contentHash": "xdCw/eEo1XwxQNuhTLD10gaXnVt5rkKZCPjttXE5vtqwEkheqdGrNBcbU0UP9zWdgIwZWD+4NEl4OS10jKrZtg=="
      }
    }
  }
}